
Microsoft Visual Studio Solution File, Format Version 12.00
# Visual Studio Version 17
VisualStudioVersion = 17.14.36623.8 d17.14
MinimumVisualStudioVersion = 10.0.40219.1
Project("{FAE04EC0-301F-11D3-BF4B-00C04F79EFBC}") = "AngularNetAppi", "AngularNetAppi\AngularNetAppi.csproj", "{15C1F0EA-DFDF-49F4-8C4F-153F2C93A322}"
EndProject
Project("{2150E333-8FDC-42A3-9474-1A3956D46DE8}") = "CapaDatos", "CapaDatos", "{02EA681E-C7D8-13C7-8484-4AC65E1B71E8}"
EndProject
Project("{2150E333-8FDC-42A3-9474-1A3956D46DE8}") = "CapaNegocio", "CapaNegocio", "{E4F50ADD-08C0-4FE7-A116-F776C38601B2}"
EndProject
Project("{2150E333-8FDC-42A3-9474-1A3956D46DE8}") = "CapaControlador", "CapaControlador", "{7E4CEBE1-1801-413A-AC6F-F9CB0435661B}"
EndProject
Project("{2150E333-8FDC-42A3-9474-1A3956D46DE8}") = "CapaTesting", "CapaTesting", "{2EB9FCD9-B8A7-48F1-95A0-0850C9E6EC89}"
EndProject
Project("{FAE04EC0-301F-11D3-BF4B-00C04F79EFBC}") = "CapaControlador", "CapaControlador\CapaControlador.csproj", "{44DECE39-CD01-4D4D-B36C-1DFF386051C5}"
EndProject
Project("{FAE04EC0-301F-11D3-BF4B-00C04F79EFBC}") = "CapaDatos", "CapaDatos\CapaDatos.csproj", "{12DE1139-4631-4B27-9CEF-1811472F3CF8}"
EndProject
Project("{FAE04EC0-301F-11D3-BF4B-00C04F79EFBC}") = "CapaNegocio", "CapaNegocio\CapaNegocio.csproj", "{6B29586F-FED0-48BC-A6D9-7B3C59175473}"
EndProject
Project("{2150E333-8FDC-42A3-9474-1A3956D46DE8}") = "CapaIgu", "CapaIgu", "{B251D22E-19B7-45FE-BDBC-675376651EF3}"
EndProject
Project("{FAE04EC0-301F-11D3-BF4B-00C04F79EFBC}") = "CapaIgu", "CapaIgu\CapaIgu.csproj", "{744A2EA8-99A6-4CFA-AE42-619E9EFABEF3}"
EndProject
Global
	GlobalSection(SolutionConfigurationPlatforms) = preSolution
		Debug|Any CPU = Debug|Any CPU
		Release|Any CPU = Release|Any CPU
	EndGlobalSection
	GlobalSection(ProjectConfigurationPlatforms) = postSolution
		{15C1F0EA-DFDF-49F4-8C4F-153F2C93A322}.Debug|Any CPU.ActiveCfg = Debug|Any CPU
		{15C1F0EA-DFDF-49F4-8C4F-153F2C93A322}.Debug|Any CPU.Build.0 = Debug|Any CPU
		{15C1F0EA-DFDF-49F4-8C4F-153F2C93A322}.Release|Any CPU.ActiveCfg = Release|Any CPU
		{15C1F0EA-DFDF-49F4-8C4F-153F2C93A322}.Release|Any CPU.Build.0 = Release|Any CPU
		{44DECE39-CD01-4D4D-B36C-1DFF386051C5}.Debug|Any CPU.ActiveCfg = Debug|Any CPU
		{44DECE39-CD01-4D4D-B36C-1DFF386051C5}.Debug|Any CPU.Build.0 = Debug|Any CPU
		{44DECE39-CD01-4D4D-B36C-1DFF386051C5}.Release|Any CPU.ActiveCfg = Release|Any CPU
		{44DECE39-CD01-4D4D-B36C-1DFF386051C5}.Release|Any CPU.Build.0 = Release|Any CPU
		{12DE1139-4631-4B27-9CEF-1811472F3CF8}.Debug|Any CPU.ActiveCfg = Debug|Any CPU
		{12DE1139-4631-4B27-9CEF-1811472F3CF8}.Debug|Any CPU.Build.0 = Debug|Any CPU
		{12DE1139-4631-4B27-9CEF-1811472F3CF8}.Release|Any CPU.ActiveCfg = Release|Any CPU
		{12DE1139-4631-4B27-9CEF-1811472F3CF8}.Release|Any CPU.Build.0 = Release|Any CPU
		{6B29586F-FED0-48BC-A6D9-7B3C59175473}.Debug|Any CPU.ActiveCfg = Debug|Any CPU
		{6B29586F-FED0-48BC-A6D9-7B3C59175473}.Debug|Any CPU.Build.0 = Debug|Any CPU
		{6B29586F-FED0-48BC-A6D9-7B3C59175473}.Release|Any CPU.ActiveCfg = Release|Any CPU
		{6B29586F-FED0-48BC-A6D9-7B3C59175473}.Release|Any CPU.Build.0 = Release|Any CPU
		{744A2EA8-99A6-4CFA-AE42-619E9EFABEF3}.Debug|Any CPU.ActiveCfg = Debug|Any CPU
		{744A2EA8-99A6-4CFA-AE42-619E9EFABEF3}.Debug|Any CPU.Build.0 = Debug|Any CPU
		{744A2EA8-99A6-4CFA-AE42-619E9EFABEF3}.Release|Any CPU.ActiveCfg = Release|Any CPU
		{744A2EA8-99A6-4CFA-AE42-619E9EFABEF3}.Release|Any CPU.Build.0 = Release|Any CPU
	EndGlobalSection
	GlobalSection(SolutionProperties) = preSolution
		HideSolutionNode = FALSE
	EndGlobalSection
	GlobalSection(NestedProjects) = preSolution
		{44DECE39-CD01-4D4D-B36C-1DFF386051C5} = {7E4CEBE1-1801-413A-AC6F-F9CB0435661B}
		{12DE1139-4631-4B27-9CEF-1811472F3CF8} = {02EA681E-C7D8-13C7-8484-4AC65E1B71E8}
		{6B29586F-FED0-48BC-A6D9-7B3C59175473} = {E4F50ADD-08C0-4FE7-A116-F776C38601B2}
		{744A2EA8-99A6-4CFA-AE42-619E9EFABEF3} = {B251D22E-19B7-45FE-BDBC-675376651EF3}
	EndGlobalSection
	GlobalSection(ExtensibilityGlobals) = postSolution
		SolutionGuid = {68B9EDBB-F689-4521-9427-832B77A7C992}
	EndGlobalSection
EndGlobal
